
Microsoft Visual Studio Solution File, Format Version 12.00
# Visual Studio 15
VisualStudioVersion = 15.0.28010.0
MinimumVisualStudioVersion = 10.0.40219.1
Project("{9A19103F-16F7-4668-BE54-9A1E7A4F7556}") = "webserver", "webserver.csproj", "{F4108F42-9322-4235-97B3-866ABA3DF465}"
EndProject
Project("{9A19103F-16F7-4668-BE54-9A1E7A4F7556}") = "EFCoreWebAPI.Test", "..\EFCoreWebAPI.Test\EFCoreWebAPI.Test.csproj", "{1BF93327-0E21-4EE5-8A66-2D07481EF078}"
EndProject
Global
	GlobalSection(SolutionConfigurationPlatforms) = preSolution
		Debug|Any CPU = Debug|Any CPU
		Release|Any CPU = Release|Any CPU
	EndGlobalSection
	GlobalSection(ProjectConfigurationPlatforms) = postSolution
		{F4108F42-9322-4235-97B3-866ABA3DF465}.Debug|Any CPU.ActiveCfg = Debug|Any CPU
		{F4108F42-9322-4235-97B3-866ABA3DF465}.Debug|Any CPU.Build.0 = Debug|Any CPU
		{F4108F42-9322-4235-97B3-866ABA3DF465}.Release|Any CPU.ActiveCfg = Release|Any CPU
		{F4108F42-9322-4235-97B3-866ABA3DF465}.Release|Any CPU.Build.0 = Release|Any CPU
		{1BF93327-0E21-4EE5-8A66-2D07481EF078}.Debug|Any CPU.ActiveCfg = Debug|Any CPU
		{1BF93327-0E21-4EE5-8A66-2D07481EF078}.Debug|Any CPU.Build.0 = Debug|Any CPU
		{1BF93327-0E21-4EE5-8A66-2D07481EF078}.Release|Any CPU.ActiveCfg = Release|Any CPU
		{1BF93327-0E21-4EE5-8A66-2D07481EF078}.Release|Any CPU.Build.0 = Release|Any CPU
	EndGlobalSection
	GlobalSection(SolutionProperties) = preSolution
		HideSolutionNode = FALSE
	EndGlobalSection
	GlobalSection(ExtensibilityGlobals) = postSolution
		SolutionGuid = {0433BE42-BF61-45A5-B0DF-6DBA2E72D2F6}
	EndGlobalSection
EndGlobal
